
Microsoft Visual Studio Solution File, Format Version 12.00
# Visual Studio Version 16
VisualStudioVersion = 16.0.31624.102
MinimumVisualStudioVersion = 10.0.40219.1
Project("{FAE04EC0-301F-11D3-BF4B-00C04F79EFBC}") = "SneakingOut", "SneakingOut\SneakingOut.csproj", "{0FA1464C-F562-42D7-AC36-B8A627ED6DAC}"
EndProject
Global
	GlobalSection(SolutionConfigurationPlatforms) = preSolution
		Debug|Any CPU = Debug|Any CPU
		Release|Any CPU = Release|Any CPU
	EndGlobalSection
	GlobalSection(ProjectConfigurationPlatforms) = postSolution
		{0FA1464C-F562-42D7-AC36-B8A627ED6DAC}.Debug|Any CPU.ActiveCfg = Debug|Any CPU
		{0FA1464C-F562-42D7-AC36-B8A627ED6DAC}.Debug|Any CPU.Build.0 = Debug|Any CPU
		{0FA1464C-F562-42D7-AC36-B8A627ED6DAC}.Release|Any CPU.ActiveCfg = Release|Any CPU
		{0FA1464C-F562-42D7-AC36-B8A627ED6DAC}.Release|Any CPU.Build.0 = Release|Any CPU
	EndGlobalSection
	GlobalSection(SolutionProperties) = preSolution
		HideSolutionNode = FALSE
	EndGlobalSection
	GlobalSection(ExtensibilityGlobals) = postSolution
		SolutionGuid = {C3438CCE-6E90-47E6-ABEC-0ED8C2B20A8B}
	EndGlobalSection
EndGlobal
